# This file is automatically @generated by Cargo.
# It is not intended for manual editing.
version = 4

[[package]]
name = "ed25519-compact"
version = "2.6.0"
source = "registry+https://github.com/rust-lang/crates.io-index"
checksum = "1454db4f2edb7f0e8fe0c5b375b0c978fc63244cc9f010d160e417eb10139aa8"

[[package]]
name = "libneodos"
version = "0.2.1"
dependencies = [
 "libnlt",
]

[[package]]
name = "libnlt"
version = "0.1.0"
dependencies = [
 "ed25519-compact",
]
