# This file is automatically @generated by Cargo.
# It is not intended for manual editing.
version = 4

[[package]]
name = "libdns"
version = "0.1.0"

[[package]]
name = "libneodos"
version = "0.2.1"
dependencies = [
 "libnlt",
]

[[package]]
name = "libnet"
version = "0.1.0"
dependencies = [
 "libdns",
 "libneodos",
 "libnet-config",
 "libntp",
]

[[package]]
name = "libnet-config"
version = "0.1.0"

[[package]]
name = "libnlt"
version = "0.1.0"

[[package]]
name = "libntp"
version = "0.1.0"

[[package]]
name = "netd"
version = "0.1.0"
dependencies = [
 "libneodos",
 "libnet",
]
